{
  "version": 4,
  "terraform_version": "1.11.1",
  "serial": 402,
  "lineage": "c346ede5-2e56-1802-d72a-22798eef75da",
  "outputs": {},
  "resources": [
    {
      "module": "module.compute",
      "mode": "managed",
      "type": "aws_instance",
      "name": "devmachine",
      "provider": "provider[\"registry.terraform.io/hashicorp/aws\"]",
      "instances": [
        {
          "schema_version": 1,
          "attributes": {
            "ami": "ami-0717dacde6ae13b14",
            "arn": "arn:aws:ec2:eu-north-1:025004989720:instance/i-0a7a8b935daf574ba",
            "associate_public_ip_address": true,
            "availability_zone": "eu-north-1c",
            "capacity_reservation_specification": [
              {
                "capacity_reservation_preference": "open",
                "capacity_reservation_target": []
              }
            ],
            "cpu_core_count": 2,
            "cpu_threads_per_core": 2,
            "credit_specification": [
              {
                "cpu_credits": "unlimited"
              }
            ],
            "disable_api_termination": false,
            "ebs_block_device": [
              {
                "delete_on_termination": true,
                "device_name": "/dev/sdb",
                "encrypted": false,
                "iops": 3000,
                "kms_key_id": "",
                "snapshot_id": "",
                "tags": {
                  "Name": "primary"
                },
                "throughput": 125,
                "volume_id": "vol-03c2cf9646add8653",
                "volume_size": 50,
                "volume_type": "gp3"
              },
              {
                "delete_on_termination": true,
                "device_name": "/dev/sdc",
                "encrypted": false,
                "iops": 3000,
                "kms_key_id": "",
                "snapshot_id": "",
                "tags": {
                  "Name": "secondary"
                },
                "throughput": 125,
                "volume_id": "vol-0ad89c233ecd33c23",
                "volume_size": 150,
                "volume_type": "gp3"
              }
            ],
            "ebs_optimized": false,
            "enclave_options": [
              {
                "enabled": false
              }
            ],
            "ephemeral_block_device": [],
            "get_password_data": false,
            "hibernation": false,
            "host_id": null,
            "iam_instance_profile": "",
            "id": "i-0a7a8b935daf574ba",
            "instance_initiated_shutdown_behavior": "stop",
            "instance_state": "running",
            "instance_type": "t3.xlarge",
            "ipv6_address_count": 0,
            "ipv6_addresses": [],
            "key_name": "terraform-aws",
            "launch_template": [],
            "metadata_options": [
              {
                "http_endpoint": "enabled",
                "http_put_response_hop_limit": 1,
                "http_tokens": "optional",
                "instance_metadata_tags": "disabled"
              }
            ],
            "monitoring": false,
            "network_interface": [],
            "outpost_arn": "",
            "password_data": "",
            "placement_group": "",
            "placement_partition_number": null,
            "primary_network_interface_id": "eni-0ba01da20493bc4ea",
            "private_dns": "ip-172-31-15-218.eu-north-1.compute.internal",
            "private_ip": "172.31.15.218",
            "public_dns": "ec2-13-48-78-100.eu-north-1.compute.amazonaws.com",
            "public_ip": "13.48.78.100",
            "root_block_device": [
              {
                "delete_on_termination": true,
                "device_name": "/dev/sda1",
                "encrypted": false,
                "iops": 3000,
                "kms_key_id": "",
                "tags": {
                  "Name": "root"
                },
                "throughput": 125,
                "volume_id": "vol-084659a3f2c96747c",
                "volume_size": 10,
                "volume_type": "gp3"
              }
            ],
            "secondary_private_ips": [],
            "security_groups": [
              "terraform-security-group"
            ],
            "source_dest_check": true,
            "subnet_id": "subnet-0e3c0244",
            "tags": {
              "Name": "devm-rhel8-x86_64"
            },
            "tags_all": {
              "Name": "devm-rhel8-x86_64"
            },
            "tenancy": "default",
            "timeouts": null,
            "user_data": null,
            "user_data_base64": null,
            "volume_tags": null,
            "vpc_security_group_ids": [
              "sg-0cc04accd3fd80d63"
            ]
          },
          "sensitive_attributes": [],
          "private": "eyJlMmJmYjczMC1lY2FhLTExZTYtOGY4OC0zNDM2M2JjN2M0YzAiOnsiY3JlYXRlIjo2MDAwMDAwMDAwMDAsImRlbGV0ZSI6MTIwMDAwMDAwMDAwMCwidXBkYXRlIjo2MDAwMDAwMDAwMDB9LCJzY2hlbWFfdmVyc2lvbiI6IjEifQ==",
          "dependencies": [
            "module.compute.aws_key_pair.ssh",
            "module.networking.aws_security_group.default",
            "module.networking.data.aws_subnet_ids.default",
            "module.networking.data.aws_vpc.default"
          ]
        }
      ]
    },
    {
      "module": "module.compute",
      "mode": "managed",
      "type": "aws_key_pair",
      "name": "ssh",
      "provider": "provider[\"registry.terraform.io/hashicorp/aws\"]",
      "instances": [
        {
          "schema_version": 1,
          "attributes": {
            "arn": "arn:aws:ec2:eu-north-1:025004989720:key-pair/terraform-aws",
            "fingerprint": "0c:8c:44:f4:a7:52:e5:2b:03:e9:42:63:b8:cd:9b:7b",
            "id": "terraform-aws",
            "key_name": "terraform-aws",
            "key_name_prefix": "",
            "key_pair_id": "key-0863e7b722e8a7c7b",
            "public_key": "ssh-rsa AAAAB3NzaC1yc2EAAAADAQABAAACAQCkhg2BzPBmUTEK1dS3lEArYJ+AmpvTWz3tQ+bDWXCiTYPgUPZrB0RWnxem3yFLIeQYqRFb7rtRGwlitPfi/3XN2mLCl8SfMwJBYYBmwsHMcbc6woF0T95OXdmxTP2i23+y4OkC3KNxk59CDnHg/rs3C2s5UmCRCZlSernC9ytTunHOtHU8bUJGxsxKwIA8Pc27PWQMkmolFrmbKDet5t6S6DYCtT10wovsodeRWEki3R7FlnintNGFwrn+oGD7CF+U+5/fVfkwoltB8R7n33XftwYl6i+8bESD8mbPRxgsyRGNW3xlW1jOuBdeqQZ93oxOoV/ZS+1w35n3wLjfBkx0xfWoOyndP6KxMlOhy8KGmZaWGBlEP+OlrBSK02tqe0+84r2YxNwudC6qPrHZHdF6rfSUqyaUiTjcOzvY9CrhnvEoFrfUaufp3LW+TtzWHDnB1irAzvVfdDqGVVWoGLHw5AoA2iZ9ss2RFhKLMSAPEGI9xrSjCa6OydFAlVLBYYMtBaotL6BBBXXzyZY4uO+xOry+k82BFRmvZ+o4sznqN/1Ql1ARQv+pxnp3F+uEEdBfQJ1nDrelxOwS3ormCDAo1fz/mP49PviviDLEx5ACcnIRBX10DeXRWaZ+IHjgNZw2Jc349Us7kKhqLLcApMRG6V2lgfXV+RNL8gTxJDwVew== mme@mme-mbp.local",
            "tags": {
              "Name": "terraform-aws"
            },
            "tags_all": {
              "Name": "terraform-aws"
            }
          },
          "sensitive_attributes": [],
          "private": "eyJzY2hlbWFfdmVyc2lvbiI6IjEifQ=="
        }
      ]
    },
    {
      "module": "module.networking",
      "mode": "data",
      "type": "aws_route53_zone",
      "name": "primary",
      "provider": "provider[\"registry.terraform.io/hashicorp/aws\"]",
      "instances": [
        {
          "schema_version": 0,
          "attributes": {
            "arn": "arn:aws:route53:::hostedzone/Z02586883VS7ZY39UYVYJ",
            "caller_reference": "efe0afd8-d7e3-48bf-8f6b-fb01e7859926",
            "comment": "",
            "id": "Z02586883VS7ZY39UYVYJ",
            "linked_service_description": null,
            "linked_service_principal": null,
            "name": "doodlab.xyz",
            "name_servers": [
              "ns-235.awsdns-29.com",
              "ns-1199.awsdns-21.org",
              "ns-645.awsdns-16.net",
              "ns-2034.awsdns-62.co.uk"
            ],
            "private_zone": false,
            "resource_record_set_count": 2,
            "tags": {},
            "vpc_id": null,
            "zone_id": "Z02586883VS7ZY39UYVYJ"
          },
          "sensitive_attributes": []
        }
      ]
    },
    {
      "module": "module.networking",
      "mode": "data",
      "type": "aws_subnet_ids",
      "name": "default",
      "provider": "provider[\"registry.terraform.io/hashicorp/aws\"]",
      "instances": [
        {
          "schema_version": 0,
          "attributes": {
            "filter": null,
            "id": "vpc-4f09f526",
            "ids": [
              "subnet-0e3c0244",
              "subnet-52c13c3b",
              "subnet-6cf0ec14"
            ],
            "tags": null,
            "vpc_id": "vpc-4f09f526"
          },
          "sensitive_attributes": []
        }
      ]
    },
    {
      "module": "module.networking",
      "mode": "data",
      "type": "aws_vpc",
      "name": "default",
      "provider": "provider[\"registry.terraform.io/hashicorp/aws\"]",
      "instances": [
        {
          "schema_version": 0,
          "attributes": {
            "arn": "arn:aws:ec2:eu-north-1:025004989720:vpc/vpc-4f09f526",
            "cidr_block": "172.31.0.0/16",
            "cidr_block_associations": [
              {
                "association_id": "vpc-cidr-assoc-983cc3f1",
                "cidr_block": "172.31.0.0/16",
                "state": "associated"
              }
            ],
            "default": true,
            "dhcp_options_id": "dopt-ad8d72c4",
            "enable_dns_hostnames": true,
            "enable_dns_support": true,
            "filter": null,
            "id": "vpc-4f09f526",
            "instance_tenancy": "default",
            "ipv6_association_id": "",
            "ipv6_cidr_block": "",
            "main_route_table_id": "rtb-6c04fb05",
            "owner_id": "025004989720",
            "state": null,
            "tags": {
              "Name": "default"
            }
          },
          "sensitive_attributes": []
        }
      ]
    },
    {
      "module": "module.networking",
      "mode": "managed",
      "type": "aws_eip",
      "name": "instance",
      "provider": "provider[\"registry.terraform.io/hashicorp/aws\"]",
      "instances": [
        {
          "schema_version": 0,
          "attributes": {
            "address": null,
            "allocation_id": "eipalloc-0a1e283b26b4178ad",
            "associate_with_private_ip": null,
            "association_id": "eipassoc-07e3a55ed2f7aae2d",
            "carrier_ip": "",
            "customer_owned_ip": "",
            "customer_owned_ipv4_pool": "",
            "domain": "vpc",
            "id": "eipalloc-0a1e283b26b4178ad",
            "instance": "i-0a7a8b935daf574ba",
            "network_border_group": "eu-north-1",
            "network_interface": "eni-0ba01da20493bc4ea",
            "private_dns": "ip-172-31-15-218.eu-north-1.compute.internal",
            "private_ip": "172.31.15.218",
            "public_dns": "ec2-13-50-20-122.eu-north-1.compute.amazonaws.com",
            "public_ip": "13.50.20.122",
            "public_ipv4_pool": "amazon",
            "tags": {
              "Name": "TerraformEIP"
            },
            "tags_all": {
              "Name": "TerraformEIP"
            },
            "timeouts": null,
            "vpc": true
          },
          "sensitive_attributes": [],
          "private": "eyJlMmJmYjczMC1lY2FhLTExZTYtOGY4OC0zNDM2M2JjN2M0YzAiOnsiZGVsZXRlIjoxODAwMDAwMDAwMDAsInJlYWQiOjkwMDAwMDAwMDAwMCwidXBkYXRlIjozMDAwMDAwMDAwMDB9fQ==",
          "dependencies": [
            "module.compute.aws_instance.devmachine",
            "module.compute.aws_key_pair.ssh",
            "module.networking.aws_security_group.default",
            "module.networking.data.aws_subnet_ids.default",
            "module.networking.data.aws_vpc.default"
          ]
        }
      ]
    },
    {
      "module": "module.networking",
      "mode": "managed",
      "type": "aws_eip_association",
      "name": "eip_assoc",
      "provider": "provider[\"registry.terraform.io/hashicorp/aws\"]",
      "instances": [
        {
          "schema_version": 0,
          "attributes": {
            "allocation_id": "eipalloc-0a1e283b26b4178ad",
            "allow_reassociation": null,
            "id": "eipassoc-07e3a55ed2f7aae2d",
            "instance_id": "i-0a7a8b935daf574ba",
            "network_interface_id": "eni-0ba01da20493bc4ea",
            "private_ip_address": "172.31.15.218",
            "public_ip": "13.50.20.122"
          },
          "sensitive_attributes": [],
          "private": "bnVsbA==",
          "dependencies": [
            "module.compute.aws_instance.devmachine",
            "module.compute.aws_key_pair.ssh",
            "module.networking.aws_eip.instance",
            "module.networking.aws_security_group.default",
            "module.networking.data.aws_subnet_ids.default",
            "module.networking.data.aws_vpc.default"
          ]
        }
      ]
    },
    {
      "module": "module.networking",
      "mode": "managed",
      "type": "aws_route53_record",
      "name": "primary",
      "provider": "provider[\"registry.terraform.io/hashicorp/aws\"]",
      "instances": [
        {
          "schema_version": 2,
          "attributes": {
            "alias": [],
            "allow_overwrite": true,
            "failover_routing_policy": [],
            "fqdn": "matomo.doodlab.xyz",
            "geolocation_routing_policy": [],
            "health_check_id": null,
            "id": "Z02586883VS7ZY39UYVYJ_matomo.doodlab.xyz_A",
            "latency_routing_policy": [],
            "multivalue_answer_routing_policy": null,
            "name": "matomo.doodlab.xyz",
            "records": [
              "13.50.20.122"
            ],
            "set_identifier": null,
            "ttl": 300,
            "type": "A",
            "weighted_routing_policy": [],
            "zone_id": "Z02586883VS7ZY39UYVYJ"
          },
          "sensitive_attributes": [],
          "private": "eyJzY2hlbWFfdmVyc2lvbiI6IjIifQ==",
          "dependencies": [
            "module.compute.aws_instance.devmachine",
            "module.compute.aws_key_pair.ssh",
            "module.networking.aws_eip.instance",
            "module.networking.aws_eip_association.eip_assoc",
            "module.networking.aws_security_group.default",
            "module.networking.data.aws_route53_zone.primary",
            "module.networking.data.aws_subnet_ids.default",
            "module.networking.data.aws_vpc.default"
          ]
        }
      ]
    },
    {
      "module": "module.networking",
      "mode": "managed",
      "type": "aws_route53_record",
      "name": "secondary",
      "provider": "provider[\"registry.terraform.io/hashicorp/aws\"]",
      "instances": [
        {
          "schema_version": 2,
          "attributes": {
            "alias": [],
            "allow_overwrite": true,
            "failover_routing_policy": [],
            "fqdn": "www.matomo.doodlab.xyz",
            "geolocation_routing_policy": [],
            "health_check_id": null,
            "id": "Z02586883VS7ZY39UYVYJ_www.matomo.doodlab.xyz_A",
            "latency_routing_policy": [],
            "multivalue_answer_routing_policy": null,
            "name": "www.matomo.doodlab.xyz",
            "records": [
              "13.50.20.122"
            ],
            "set_identifier": null,
            "ttl": 300,
            "type": "A",
            "weighted_routing_policy": [],
            "zone_id": "Z02586883VS7ZY39UYVYJ"
          },
          "sensitive_attributes": [],
          "private": "eyJzY2hlbWFfdmVyc2lvbiI6IjIifQ==",
          "dependencies": [
            "module.compute.aws_instance.devmachine",
            "module.compute.aws_key_pair.ssh",
            "module.networking.aws_eip.instance",
            "module.networking.aws_eip_association.eip_assoc",
            "module.networking.aws_security_group.default",
            "module.networking.data.aws_route53_zone.primary",
            "module.networking.data.aws_subnet_ids.default",
            "module.networking.data.aws_vpc.default"
          ]
        }
      ]
    },
    {
      "module": "module.networking",
      "mode": "managed",
      "type": "aws_security_group",
      "name": "default",
      "provider": "provider[\"registry.terraform.io/hashicorp/aws\"]",
      "instances": [
        {
          "schema_version": 1,
          "attributes": {
            "arn": "arn:aws:ec2:eu-north-1:025004989720:security-group/sg-0cc04accd3fd80d63",
            "description": "Managed by Terraform",
            "egress": [],
            "id": "sg-0cc04accd3fd80d63",
            "ingress": [],
            "name": "terraform-security-group",
            "name_prefix": "",
            "owner_id": "025004989720",
            "revoke_rules_on_delete": false,
            "tags": {
              "Name": "terraform-SG"
            },
            "tags_all": {
              "Name": "terraform-SG"
            },
            "timeouts": null,
            "vpc_id": "vpc-4f09f526"
          },
          "sensitive_attributes": [],
          "private": "eyJlMmJmYjczMC1lY2FhLTExZTYtOGY4OC0zNDM2M2JjN2M0YzAiOnsiY3JlYXRlIjo2MDAwMDAwMDAwMDAsImRlbGV0ZSI6OTAwMDAwMDAwMDAwfSwic2NoZW1hX3ZlcnNpb24iOiIxIn0="
        }
      ]
    },
    {
      "module": "module.networking",
      "mode": "managed",
      "type": "aws_security_group_rule",
      "name": "allow_all_outbound",
      "provider": "provider[\"registry.terraform.io/hashicorp/aws\"]",
      "instances": [
        {
          "schema_version": 2,
          "attributes": {
            "cidr_blocks": [
              "0.0.0.0/0"
            ],
            "description": null,
            "from_port": 0,
            "id": "sgrule-758754355",
            "ipv6_cidr_blocks": null,
            "prefix_list_ids": null,
            "protocol": "-1",
            "security_group_id": "sg-0cc04accd3fd80d63",
            "self": false,
            "source_security_group_id": null,
            "to_port": 0,
            "type": "egress"
          },
          "sensitive_attributes": [],
          "private": "eyJzY2hlbWFfdmVyc2lvbiI6IjIifQ==",
          "dependencies": [
            "module.networking.aws_security_group.default"
          ]
        }
      ]
    },
    {
      "module": "module.networking",
      "mode": "managed",
      "type": "aws_security_group_rule",
      "name": "allow_http_inbound",
      "provider": "provider[\"registry.terraform.io/hashicorp/aws\"]",
      "instances": [
        {
          "schema_version": 2,
          "attributes": {
            "cidr_blocks": [
              "0.0.0.0/0"
            ],
            "description": null,
            "from_port": 80,
            "id": "sgrule-1789793391",
            "ipv6_cidr_blocks": null,
            "prefix_list_ids": null,
            "protocol": "tcp",
            "security_group_id": "sg-0cc04accd3fd80d63",
            "self": false,
            "source_security_group_id": null,
            "to_port": 80,
            "type": "ingress"
          },
          "sensitive_attributes": [],
          "private": "eyJzY2hlbWFfdmVyc2lvbiI6IjIifQ==",
          "dependencies": [
            "module.networking.aws_security_group.default"
          ]
        }
      ]
    },
    {
      "module": "module.networking",
      "mode": "managed",
      "type": "aws_security_group_rule",
      "name": "allow_https_inbound",
      "provider": "provider[\"registry.terraform.io/hashicorp/aws\"]",
      "instances": [
        {
          "schema_version": 2,
          "attributes": {
            "cidr_blocks": [
              "0.0.0.0/0"
            ],
            "description": null,
            "from_port": 443,
            "id": "sgrule-1587325769",
            "ipv6_cidr_blocks": null,
            "prefix_list_ids": null,
            "protocol": "tcp",
            "security_group_id": "sg-0cc04accd3fd80d63",
            "self": false,
            "source_security_group_id": null,
            "to_port": 443,
            "type": "ingress"
          },
          "sensitive_attributes": [],
          "private": "eyJzY2hlbWFfdmVyc2lvbiI6IjIifQ==",
          "dependencies": [
            "module.networking.aws_security_group.default"
          ]
        }
      ]
    },
    {
      "module": "module.networking",
      "mode": "managed",
      "type": "aws_security_group_rule",
      "name": "allow_ssh_inbound",
      "provider": "provider[\"registry.terraform.io/hashicorp/aws\"]",
      "instances": [
        {
          "schema_version": 2,
          "attributes": {
            "cidr_blocks": [
              "213.55.241.218/32"
            ],
            "description": null,
            "from_port": 22,
            "id": "sgrule-3775331174",
            "ipv6_cidr_blocks": null,
            "prefix_list_ids": null,
            "protocol": "tcp",
            "security_group_id": "sg-0cc04accd3fd80d63",
            "self": false,
            "source_security_group_id": null,
            "to_port": 22,
            "type": "ingress"
          },
          "sensitive_attributes": [],
          "private": "eyJzY2hlbWFfdmVyc2lvbiI6IjIifQ==",
          "dependencies": [
            "module.networking.aws_security_group.default"
          ]
        }
      ]
    }
  ],
  "check_results": null
}
